
Microsoft Visual Studio Solution File, Format Version 12.00
# Visual Studio Version 16
VisualStudioVersion = 16.0.31205.134
MinimumVisualStudioVersion = 10.0.40219.1
Project("{FAE04EC0-301F-11D3-BF4B-00C04F79EFBC}") = "Aidana", "Aidana\Aidana.csproj", "{444EE66F-F4C9-4CF2-9B4D-42BF326B2D28}"
EndProject
Global
	GlobalSection(SolutionConfigurationPlatforms) = preSolution
		Debug|Any CPU = Debug|Any CPU
		Release|Any CPU = Release|Any CPU
	EndGlobalSection
	GlobalSection(ProjectConfigurationPlatforms) = postSolution
		{444EE66F-F4C9-4CF2-9B4D-42BF326B2D28}.Debug|Any CPU.ActiveCfg = Debug|Any CPU
		{444EE66F-F4C9-4CF2-9B4D-42BF326B2D28}.Debug|Any CPU.Build.0 = Debug|Any CPU
		{444EE66F-F4C9-4CF2-9B4D-42BF326B2D28}.Release|Any CPU.ActiveCfg = Release|Any CPU
		{444EE66F-F4C9-4CF2-9B4D-42BF326B2D28}.Release|Any CPU.Build.0 = Release|Any CPU
	EndGlobalSection
	GlobalSection(SolutionProperties) = preSolution
		HideSolutionNode = FALSE
	EndGlobalSection
	GlobalSection(ExtensibilityGlobals) = postSolution
		SolutionGuid = {F6FBF375-72FE-4BC5-AD75-DC7DFF62FEAA}
	EndGlobalSection
EndGlobal
